
Microsoft Visual Studio Solution File, Format Version 12.00
# Visual Studio Version 17
VisualStudioVersion = 17.3.32922.545
MinimumVisualStudioVersion = 10.0.40219.1
Project("{FAE04EC0-301F-11D3-BF4B-00C04F79EFBC}") = "FirstGitMVCApp", "FirstGitMVCApp\FirstGitMVCApp.csproj", "{EC01AE00-A7A8-4195-9CEA-16F90A701011}"
EndProject
Global
	GlobalSection(SolutionConfigurationPlatforms) = preSolution
		Debug|Any CPU = Debug|Any CPU
		Release|Any CPU = Release|Any CPU
	EndGlobalSection
	GlobalSection(ProjectConfigurationPlatforms) = postSolution
		{EC01AE00-A7A8-4195-9CEA-16F90A701011}.Debug|Any CPU.ActiveCfg = Debug|Any CPU
		{EC01AE00-A7A8-4195-9CEA-16F90A701011}.Debug|Any CPU.Build.0 = Debug|Any CPU
		{EC01AE00-A7A8-4195-9CEA-16F90A701011}.Release|Any CPU.ActiveCfg = Release|Any CPU
		{EC01AE00-A7A8-4195-9CEA-16F90A701011}.Release|Any CPU.Build.0 = Release|Any CPU
	EndGlobalSection
	GlobalSection(SolutionProperties) = preSolution
		HideSolutionNode = FALSE
	EndGlobalSection
	GlobalSection(ExtensibilityGlobals) = postSolution
		SolutionGuid = {CE669C74-85BB-4683-8BC9-833F23507857}
	EndGlobalSection
EndGlobal
